
Microsoft Visual Studio Solution File, Format Version 12.00
# Visual Studio Version 16
VisualStudioVersion = 16.0.29519.181
MinimumVisualStudioVersion = 10.0.40219.1
Project("{FAE04EC0-301F-11D3-BF4B-00C04F79EFBC}") = "WebApplication", "WebApplication\WebApplication.csproj", "{2532ECDA-15F4-4099-BA9B-C154DD343CB9}"
EndProject
Global
	GlobalSection(SolutionConfigurationPlatforms) = preSolution
		Debug|Any CPU = Debug|Any CPU
		Release|Any CPU = Release|Any CPU
	EndGlobalSection
	GlobalSection(ProjectConfigurationPlatforms) = postSolution
		{2532ECDA-15F4-4099-BA9B-C154DD343CB9}.Debug|Any CPU.ActiveCfg = Debug|Any CPU
		{2532ECDA-15F4-4099-BA9B-C154DD343CB9}.Debug|Any CPU.Build.0 = Debug|Any CPU
		{2532ECDA-15F4-4099-BA9B-C154DD343CB9}.Release|Any CPU.ActiveCfg = Release|Any CPU
		{2532ECDA-15F4-4099-BA9B-C154DD343CB9}.Release|Any CPU.Build.0 = Release|Any CPU
	EndGlobalSection
	GlobalSection(SolutionProperties) = preSolution
		HideSolutionNode = FALSE
	EndGlobalSection
	GlobalSection(ExtensibilityGlobals) = postSolution
		SolutionGuid = {5ABBC185-B70E-471A-8894-5B9CAC4D8080}
	EndGlobalSection
EndGlobal
